// !$*UTF8*$!
{
	archiveVersion = 1;
	classes = {
	};
	objectVersion = 48;
	objects = {

/* Begin PBXBuildFile section */
		191D7D0162CB818CD7A61497 /* Pods_Calender.framework in Frameworks */ = {isa = PBXBuildFile; fileRef = F30A9252DDE23DF0ABBB94CC /* Pods_Calender.framework */; };
		AE23AF441FD28ECC00FE058B /* AppDelegate.swift in Sources */ = {isa = PBXBuildFile; fileRef = AE23AF431FD28ECC00FE058B /* AppDelegate.swift */; };
		AE23AF461FD28ECC00FE058B /* ViewController.swift in Sources */ = {isa = PBXBuildFile; fileRef = AE23AF451FD28ECC00FE058B /* ViewController.swift */; };
		AE23AF491FD28ECC00FE058B /* Main.storyboard in Resources */ = {isa = PBXBuildFile; fileRef = AE23AF471FD28ECC00FE058B /* Main.storyboard */; };
		AE23AF4B1FD28ECC00FE058B /* Assets.xcassets in Resources */ = {isa = PBXBuildFile; fileRef = AE23AF4A1FD28ECC00FE058B /* Assets.xcassets */; };
		AE23AF4E1FD28ECC00FE058B /* LaunchScreen.storyboard in Resources */ = {isa = PBXBuildFile; fileRef = AE23AF4C1FD28ECC00FE058B /* LaunchScreen.storyboard */; };
		AE23AF561FD293B200FE058B /* CustomeCell.swift in Sources */ = {isa = PBXBuildFile; fileRef = AE23AF551FD293B200FE058B /* CustomeCell.swift */; };
/* End PBXBuildFile section */

/* Begin PBXFileReference section */
		92AEE3120F74B8F9926FE87F /* Pods-Calender.release.xcconfig */ = {isa = PBXFileReference; includeInIndex = 1; lastKnownFileType = text.xcconfig; name = "Pods-Calender.release.xcconfig"; path = "Pods/Target Support Files/Pods-Calender/Pods-Calender.release.xcconfig"; sourceTree = "<group>"; };
		AE23AF401FD28ECC00FE058B /* Calendar.app */ = {isa = PBXFileReference; explicitFileType = wrapper.application; includeInIndex = 0; path = Calendar.app; sourceTree = BUILT_PRODUCTS_DIR; };
		AE23AF431FD28ECC00FE058B /* AppDelegate.swift */ = {isa = PBXFileReference; lastKnownFileType = sourcecode.swift; path = AppDelegate.swift; sourceTree = "<group>"; };
		AE23AF451FD28ECC00FE058B /* ViewController.swift */ = {isa = PBXFileReference; lastKnownFileType = sourcecode.swift; path = ViewController.swift; sourceTree = "<group>"; };
		AE23AF481FD28ECC00FE058B /* Base */ = {isa = PBXFileReference; lastKnownFileType = file.storyboard; name = Base; path = Base.lproj/Main.storyboard; sourceTree = "<group>"; };
		AE23AF4A1FD28ECC00FE058B /* Assets.xcassets */ = {isa = PBXFileReference; lastKnownFileType = folder.assetcatalog; path = Assets.xcassets; sourceTree = "<group>"; };
		AE23AF4D1FD28ECC00FE058B /* Base */ = {isa = PBXFileReference; lastKnownFileType = file.storyboard; name = Base; path = Base.lproj/LaunchScreen.storyboard; sourceTree = "<group>"; };
		AE23AF4F1FD28ECC00FE058B /* Info.plist */ = {isa = PBXFileReference; lastKnownFileType = text.plist.xml; path = Info.plist; sourceTree = "<group>"; };
		AE23AF551FD293B200FE058B /* CustomeCell.swift */ = {isa = PBXFileReference; lastKnownFileType = sourcecode.swift; path = CustomeCell.swift; sourceTree = "<group>"; };
		CF122A9DFD83B0C59BEEC48E /* Pods-Calender.debug.xcconfig */ = {isa = PBXFileReference; includeInIndex = 1; lastKnownFileType = text.xcconfig; name = "Pods-Calender.debug.xcconfig"; path = "Pods/Target Support Files/Pods-Calender/Pods-Calender.debug.xcconfig"; sourceTree = "<group>"; };
		F30A9252DDE23DF0ABBB94CC /* Pods_Calender.framework */ = {isa = PBXFileReference; explicitFileType = wrapper.framework; includeInIndex = 0; path = Pods_Calender.framework; sourceTree = BUILT_PRODUCTS_DIR; };
/* End PBXFileReference section */

/* Begin PBXFrameworksBuildPhase section */
		AE23AF3D1FD28ECC00FE058B /* Frameworks */ = {
			isa = PBXFrameworksBuildPhase;
			buildActionMask = 2147483647;
			files = (
				191D7D0162CB818CD7A61497 /* Pods_Calender.framework in Frameworks */,
			);
			runOnlyForDeploymentPostprocessing = 0;
		};
/* End PBXFrameworksBuildPhase section */

/* Begin PBXGroup section */
		1C1ADEAB07B6D5D9009E885F /* Pods */ = {
			isa = PBXGroup;
			children = (
				CF122A9DFD83B0C59BEEC48E /* Pods-Calender.debug.xcconfig */,
				92AEE3120F74B8F9926FE87F /* Pods-Calender.release.xcconfig */,
			);
			name = Pods;
			sourceTree = "<group>";
		};
		AE23AF371FD28ECC00FE058B = {
			isa = PBXGroup;
			children = (
				AE23AF421FD28ECC00FE058B /* Calender */,
				AE23AF411FD28ECC00FE058B /* Products */,
				1C1ADEAB07B6D5D9009E885F /* Pods */,
				AF9B8D99157E2FC1A088A29C /* Frameworks */,
			);
			sourceTree = "<group>";
		};
		AE23AF411FD28ECC00FE058B /* Products */ = {
			isa = PBXGroup;
			children = (
				AE23AF401FD28ECC00FE058B /* Calendar.app */,
			);
			name = Products;
			sourceTree = "<group>";
		};
		AE23AF421FD28ECC00FE058B /* Calender */ = {
			isa = PBXGroup;
			children = (
				AE23AF431FD28ECC00FE058B /* AppDelegate.swift */,
				AE23AF451FD28ECC00FE058B /* ViewController.swift */,
				AE23AF551FD293B200FE058B /* CustomeCell.swift */,
				AE23AF471FD28ECC00FE058B /* Main.storyboard */,
				AE23AF4A1FD28ECC00FE058B /* Assets.xcassets */,
				AE23AF4C1FD28ECC00FE058B /* LaunchScreen.storyboard */,
				AE23AF4F1FD28ECC00FE058B /* Info.plist */,
			);
			path = Calender;
			sourceTree = "<group>";
		};
		AF9B8D99157E2FC1A088A29C /* Frameworks */ = {
			isa = PBXGroup;
			children = (
				F30A9252DDE23DF0ABBB94CC /* Pods_Calender.framework */,
			);
			name = Frameworks;
			sourceTree = "<group>";
		};
/* End PBXGroup section */

/* Begin PBXNativeTarget section */
		AE23AF3F1FD28ECC00FE058B /* Calendar */ = {
			isa = PBXNativeTarget;
			buildConfigurationList = AE23AF521FD28ECC00FE058B /* Build configuration list for PBXNativeTarget "Calendar" */;
			buildPhases = (
				AF2FC4587B470120A87870D8 /* [CP] Check Pods Manifest.lock */,
				AE23AF3C1FD28ECC00FE058B /* Sources */,
				AE23AF3D1FD28ECC00FE058B /* Frameworks */,
				AE23AF3E1FD28ECC00FE058B /* Resources */,
				B22D5C870191ADAD7DC0961C /* [CP] Embed Pods Frameworks */,
				6C77CCC4D815033C9939BB46 /* [CP] Copy Pods Resources */,
			);
			buildRules = (
			);
			dependencies = (
			);
			name = Calendar;
			productName = Calender;
			productReference = AE23AF401FD28ECC00FE058B /* Calendar.app */;
			productType = "com.apple.product-type.application";
		};
/* End PBXNativeTarget section */

/* Begin PBXProject section */
		AE23AF381FD28ECC00FE058B /* Project object */ = {
			isa = PBXProject;
			attributes = {
				LastSwiftUpdateCheck = 0910;
				LastUpgradeCheck = 0910;
				ORGANIZATIONNAME = Pavan;
				TargetAttributes = {
					AE23AF3F1FD28ECC00FE058B = {
						CreatedOnToolsVersion = 9.1;
						ProvisioningStyle = Manual;
					};
				};
			};
			buildConfigurationList = AE23AF3B1FD28ECC00FE058B /* Build configuration list for PBXProject "Calendar" */;
			compatibilityVersion = "Xcode 8.0";
			developmentRegion = en;
			hasScannedForEncodings = 0;
			knownRegions = (
				en,
				Base,
			);
			mainGroup = AE23AF371FD28ECC00FE058B;
			productRefGroup = AE23AF411FD28ECC00FE058B /* Products */;
			projectDirPath = "";
			projectRoot = "";
			targets = (
				AE23AF3F1FD28ECC00FE058B /* Calendar */,
			);
		};
/* End PBXProject section */

/* Begin PBXResourcesBuildPhase section */
		AE23AF3E1FD28ECC00FE058B /* Resources */ = {
			isa = PBXResourcesBuildPhase;
			buildActionMask = 2147483647;
			files = (
				AE23AF4E1FD28ECC00FE058B /* LaunchScreen.storyboard in Resources */,
				AE23AF4B1FD28ECC00FE058B /* Assets.xcassets in Resources */,
				AE23AF491FD28ECC00FE058B /* Main.storyboard in Resources */,
			);
			runOnlyForDeploymentPostprocessing = 0;
		};
/* End PBXResourcesBuildPhase section */

/* Begin PBXShellScriptBuildPhase section */
		6C77CCC4D815033C9939BB46 /* [CP] Copy Pods Resources */ = {
			isa = PBXShellScriptBuildPhase;
			buildActionMask = 2147483647;
			files = (
			);
			inputPaths = (
			);
			name = "[CP] Copy Pods Resources";
			outputPaths = (
			);
			runOnlyForDeploymentPostprocessing = 0;
			shellPath = /bin/sh;
			shellScript = "\"${SRCROOT}/Pods/Target Support Files/Pods-Calender/Pods-Calender-resources.sh\"\n";
			showEnvVarsInLog = 0;
		};
		AF2FC4587B470120A87870D8 /* [CP] Check Pods Manifest.lock */ = {
			isa = PBXShellScriptBuildPhase;
			buildActionMask = 2147483647;
			files = (
			);
			inputPaths = (
				"${PODS_PODFILE_DIR_PATH}/Podfile.lock",
				"${PODS_ROOT}/Manifest.lock",
			);
			name = "[CP] Check Pods Manifest.lock";
			outputPaths = (
				"$(DERIVED_FILE_DIR)/Pods-Calender-checkManifestLockResult.txt",
			);
			runOnlyForDeploymentPostprocessing = 0;
			shellPath = /bin/sh;
			shellScript = "diff \"${PODS_PODFILE_DIR_PATH}/Podfile.lock\" \"${PODS_ROOT}/Manifest.lock\" > /dev/null\nif [ $? != 0 ] ; then\n    # print error to STDERR\n    echo \"error: The sandbox is not in sync with the Podfile.lock. Run 'pod install' or update your CocoaPods installation.\" >&2\n    exit 1\nfi\n# This output is used by Xcode 'outputs' to avoid re-running this script phase.\necho \"SUCCESS\" > \"${SCRIPT_OUTPUT_FILE_0}\"\n";
			showEnvVarsInLog = 0;
		};
		B22D5C870191ADAD7DC0961C /* [CP] Embed Pods Frameworks */ = {
			isa = PBXShellScriptBuildPhase;
			buildActionMask = 2147483647;
			files = (
			);
			inputPaths = (
				"${SRCROOT}/Pods/Target Support Files/Pods-Calender/Pods-Calender-frameworks.sh",
				"${BUILT_PRODUCTS_DIR}/JTAppleCalendar/JTAppleCalendar.framework",
			);
			name = "[CP] Embed Pods Frameworks";
			outputPaths = (
				"${TARGET_BUILD_DIR}/${FRAMEWORKS_FOLDER_PATH}/JTAppleCalendar.framework",
			);
			runOnlyForDeploymentPostprocessing = 0;
			shellPath = /bin/sh;
			shellScript = "\"${SRCROOT}/Pods/Target Support Files/Pods-Calender/Pods-Calender-frameworks.sh\"\n";
			showEnvVarsInLog = 0;
		};
/* End PBXShellScriptBuildPhase section */

/* Begin PBXSourcesBuildPhase section */
		AE23AF3C1FD28ECC00FE058B /* Sources */ = {
			isa = PBXSourcesBuildPhase;
			buildActionMask = 2147483647;
			files = (
				AE23AF561FD293B200FE058B /* CustomeCell.swift in Sources */,
				AE23AF461FD28ECC00FE058B /* ViewController.swift in Sources */,
				AE23AF441FD28ECC00FE058B /* AppDelegate.swift in Sources */,
			);
			runOnlyForDeploymentPostprocessing = 0;
		};
/* End PBXSourcesBuildPhase section */

/* Begin PBXVariantGroup section */
		AE23AF471FD28ECC00FE058B /* Main.storyboard */ = {
			isa = PBXVariantGroup;
			children = (
				AE23AF481FD28ECC00FE058B /* Base */,
			);
			name = Main.storyboard;
			sourceTree = "<group>";
		};
		AE23AF4C1FD28ECC00FE058B /* LaunchScreen.storyboard */ = {
			isa = PBXVariantGroup;
			children = (
				AE23AF4D1FD28ECC00FE058B /* Base */,
			);
			name = LaunchScreen.storyboard;
			sourceTree = "<group>";
		};
/* End PBXVariantGroup section */

/* Begin XCBuildConfiguration section */
		AE23AF501FD28ECC00FE058B /* Debug */ = {
			isa = XCBuildConfiguration;
			buildSettings = {
				ALWAYS_SEARCH_USER_PATHS = NO;
				CLANG_ANALYZER_NONNULL = YES;
				CLANG_ANALYZER_NUMBER_OBJECT_CONVERSION = YES_AGGRESSIVE;
				CLANG_CXX_LANGUAGE_STANDARD = "gnu++14";
				CLANG_CXX_LIBRARY = "libc++";
				CLANG_ENABLE_MODULES = YES;
				CLANG_ENABLE_OBJC_ARC = YES;
				CLANG_WARN_BLOCK_CAPTURE_AUTORELEASING = YES;
				CLANG_WARN_BOOL_CONVERSION = YES;
				CLANG_WARN_COMMA = YES;
				CLANG_WARN_CONSTANT_CONVERSION = YES;
				CLANG_WARN_DIRECT_OBJC_ISA_USAGE = YES_ERROR;
				CLANG_WARN_DOCUMENTATION_COMMENTS = YES;
				CLANG_WARN_EMPTY_BODY = YES;
				CLANG_WARN_ENUM_CONVERSION = YES;
				CLANG_WARN_INFINITE_RECURSION = YES;
				CLANG_WARN_INT_CONVERSION = YES;
				CLANG_WARN_NON_LITERAL_NULL_CONVERSION = YES;
				CLANG_WARN_OBJC_LITERAL_CONVERSION = YES;
				CLANG_WARN_OBJC_ROOT_CLASS = YES_ERROR;
				CLANG_WARN_RANGE_LOOP_ANALYSIS = YES;
				CLANG_WARN_STRICT_PROTOTYPES = YES;
				CLANG_WARN_SUSPICIOUS_MOVE = YES;
				CLANG_WARN_UNGUARDED_AVAILABILITY = YES_AGGRESSIVE;
				CLANG_WARN_UNREACHABLE_CODE = YES;
				CLANG_WARN__DUPLICATE_METHOD_MATCH = YES;
				CODE_SIGN_IDENTITY = "iPhone Developer: Dharmandar Kumar (M45X2VM3JA)";
				CODE_SIGN_STYLE = Manual;
				COPY_PHASE_STRIP = NO;
				DEBUG_INFORMATION_FORMAT = dwarf;
				DEVELOPMENT_TEAM = 3ENMMST297;
				ENABLE_STRICT_OBJC_MSGSEND = YES;
				ENABLE_TESTABILITY = YES;
				GCC_C_LANGUAGE_STANDARD = gnu11;
				GCC_DYNAMIC_NO_PIC = NO;
				GCC_NO_COMMON_BLOCKS = YES;
				GCC_OPTIMIZATION_LEVEL = 0;
				GCC_PREPROCESSOR_DEFINITIONS = (
					"DEBUG=1",
					"$(inherited)",
				);
				GCC_WARN_64_TO_32_BIT_CONVERSION = YES;
				GCC_WARN_ABOUT_RETURN_TYPE = YES_ERROR;
				GCC_WARN_UNDECLARED_SELECTOR = YES;
				GCC_WARN_UNINITIALIZED_AUTOS = YES_AGGRESSIVE;
				GCC_WARN_UNUSED_FUNCTION = YES;
				GCC_WARN_UNUSED_VARIABLE = YES;
				IPHONEOS_DEPLOYMENT_TARGET = 11.1;
				MTL_ENABLE_DEBUG_INFO = YES;
				ONLY_ACTIVE_ARCH = YES;
				PROVISIONING_PROFILE = "14d9552a-ebae-4ba3-adf1-d3058086e826";
				SDKROOT = iphoneos;
				SWIFT_ACTIVE_COMPILATION_CONDITIONS = DEBUG;
				SWIFT_OPTIMIZATION_LEVEL = "-Onone";
			};
			name = Debug;
		};
		AE23AF511FD28ECC00FE058B /* Release */ = {
			isa = XCBuildConfiguration;
			buildSettings = {
				ALWAYS_SEARCH_USER_PATHS = NO;
				CLANG_ANALYZER_NONNULL = YES;
				CLANG_ANALYZER_NUMBER_OBJECT_CONVERSION = YES_AGGRESSIVE;
				CLANG_CXX_LANGUAGE_STANDARD = "gnu++14";
				CLANG_CXX_LIBRARY = "libc++";
				CLANG_ENABLE_MODULES = YES;
				CLANG_ENABLE_OBJC_ARC = YES;
				CLANG_WARN_BLOCK_CAPTURE_AUTORELEASING = YES;
				CLANG_WARN_BOOL_CONVERSION = YES;
				CLANG_WARN_COMMA = YES;
				CLANG_WARN_CONSTANT_CONVERSION = YES;
				CLANG_WARN_DIRECT_OBJC_ISA_USAGE = YES_ERROR;
				CLANG_WARN_DOCUMENTATION_COMMENTS = YES;
				CLANG_WARN_EMPTY_BODY = YES;
				CLANG_WARN_ENUM_CONVERSION = YES;
				CLANG_WARN_INFINITE_RECURSION = YES;
				CLANG_WARN_INT_CONVERSION = YES;
				CLANG_WARN_NON_LITERAL_NULL_CONVERSION = YES;
				CLANG_WARN_OBJC_LITERAL_CONVERSION = YES;
				CLANG_WARN_OBJC_ROOT_CLASS = YES_ERROR;
				CLANG_WARN_RANGE_LOOP_ANALYSIS = YES;
				CLANG_WARN_STRICT_PROTOTYPES = YES;
				CLANG_WARN_SUSPICIOUS_MOVE = YES;
				CLANG_WARN_UNGUARDED_AVAILABILITY = YES_AGGRESSIVE;
				CLANG_WARN_UNREACHABLE_CODE = YES;
				CLANG_WARN__DUPLICATE_METHOD_MATCH = YES;
				CODE_SIGN_IDENTITY = "iPhone Developer: Dharmandar Kumar (M45X2VM3JA)";
				CODE_SIGN_STYLE = Manual;
				COPY_PHASE_STRIP = NO;
				DEBUG_INFORMATION_FORMAT = "dwarf-with-dsym";
				DEVELOPMENT_TEAM = 3ENMMST297;
				ENABLE_NS_ASSERTIONS = NO;
				ENABLE_STRICT_OBJC_MSGSEND = YES;
				GCC_C_LANGUAGE_STANDARD = gnu11;
				GCC_NO_COMMON_BLOCKS = YES;
				GCC_WARN_64_TO_32_BIT_CONVERSION = YES;
				GCC_WARN_ABOUT_RETURN_TYPE = YES_ERROR;
				GCC_WARN_UNDECLARED_SELECTOR = YES;
				GCC_WARN_UNINITIALIZED_AUTOS = YES_AGGRESSIVE;
				GCC_WARN_UNUSED_FUNCTION = YES;
				GCC_WARN_UNUSED_VARIABLE = YES;
				IPHONEOS_DEPLOYMENT_TARGET = 11.1;
				MTL_ENABLE_DEBUG_INFO = NO;
				PROVISIONING_PROFILE = "14d9552a-ebae-4ba3-adf1-d3058086e826";
				SDKROOT = iphoneos;
				SWIFT_OPTIMIZATION_LEVEL = "-Owholemodule";
				VALIDATE_PRODUCT = YES;
			};
			name = Release;
		};
		AE23AF531FD28ECC00FE058B /* Debug */ = {
			isa = XCBuildConfiguration;
			baseConfigurationReference = CF122A9DFD83B0C59BEEC48E /* Pods-Calender.debug.xcconfig */;
			buildSettings = {
				ASSETCATALOG_COMPILER_APPICON_NAME = AppIcon;
				CODE_SIGN_IDENTITY = "iPhone Developer: Dharmandar Kumar (M45X2VM3JA)";
				CODE_SIGN_STYLE = Manual;
				DEVELOPMENT_TEAM = 3ENMMST297;
				INFOPLIST_FILE = Calender/Info.plist;
				LD_RUNPATH_SEARCH_PATHS = "$(inherited) @executable_path/Frameworks";
				PRODUCT_BUNDLE_IDENTIFIER = "com.app.-";
				PRODUCT_NAME = "$(TARGET_NAME)";
				PROVISIONING_PROFILE = "14d9552a-ebae-4ba3-adf1-d3058086e826";
				PROVISIONING_PROFILE_SPECIFIER = test;
				SWIFT_VERSION = 4.0;
				TARGETED_DEVICE_FAMILY = "1,2";
			};
			name = Debug;
		};
		AE23AF541FD28ECC00FE058B /* Release */ = {
			isa = XCBuildConfiguration;
			baseConfigurationReference = 92AEE3120F74B8F9926FE87F /* Pods-Calender.release.xcconfig */;
			buildSettings = {
				ASSETCATALOG_COMPILER_APPICON_NAME = AppIcon;
				CODE_SIGN_IDENTITY = "iPhone Developer: Dharmandar Kumar (M45X2VM3JA)";
				CODE_SIGN_STYLE = Manual;
				DEVELOPMENT_TEAM = 3ENMMST297;
				INFOPLIST_FILE = Calender/Info.plist;
				LD_RUNPATH_SEARCH_PATHS = "$(inherited) @executable_path/Frameworks";
				PRODUCT_BUNDLE_IDENTIFIER = "com.app.-";
				PRODUCT_NAME = "$(TARGET_NAME)";
				PROVISIONING_PROFILE_SPECIFIER = test;
				SWIFT_VERSION = 4.0;
				TARGETED_DEVICE_FAMILY = "1,2";
			};
			name = Release;
		};
/* End XCBuildConfiguration section */

/* Begin XCConfigurationList section */
		AE23AF3B1FD28ECC00FE058B /* Build configuration list for PBXProject "Calendar" */ = {
			isa = XCConfigurationList;
			buildConfigurations = (
				AE23AF501FD28ECC00FE058B /* Debug */,
				AE23AF511FD28ECC00FE058B /* Release */,
			);
			defaultConfigurationIsVisible = 0;
			defaultConfigurationName = Release;
		};
		AE23AF521FD28ECC00FE058B /* Build configuration list for PBXNativeTarget "Calendar" */ = {
			isa = XCConfigurationList;
			buildConfigurations = (
				AE23AF531FD28ECC00FE058B /* Debug */,
				AE23AF541FD28ECC00FE058B /* Release */,
			);
			defaultConfigurationIsVisible = 0;
			defaultConfigurationName = Release;
		};
/* End XCConfigurationList section */
	};
	rootObject = AE23AF381FD28ECC00FE058B /* Project object */;
}
